
Microsoft Visual Studio Solution File, Format Version 12.00
# Visual Studio Version 16
VisualStudioVersion = 25.0.1706.0
MinimumVisualStudioVersion = 10.0.40219.1
Project("{FAE04EC0-301F-11D3-BF4B-00C04F79EFBC}") = "InvoiceProject", "InvoiceProject\InvoiceProject.csproj", "{FEA79E25-A0DD-4F48-AE8E-5C7E6CD961FB}"
EndProject
Global
	GlobalSection(SolutionConfigurationPlatforms) = preSolution
		Debug|Any CPU = Debug|Any CPU
		Release|Any CPU = Release|Any CPU
	EndGlobalSection
	GlobalSection(ProjectConfigurationPlatforms) = postSolution
		{FEA79E25-A0DD-4F48-AE8E-5C7E6CD961FB}.Debug|Any CPU.ActiveCfg = Debug|Any CPU
		{FEA79E25-A0DD-4F48-AE8E-5C7E6CD961FB}.Debug|Any CPU.Build.0 = Debug|Any CPU
		{FEA79E25-A0DD-4F48-AE8E-5C7E6CD961FB}.Release|Any CPU.ActiveCfg = Release|Any CPU
		{FEA79E25-A0DD-4F48-AE8E-5C7E6CD961FB}.Release|Any CPU.Build.0 = Release|Any CPU
	EndGlobalSection
	GlobalSection(SolutionProperties) = preSolution
		HideSolutionNode = FALSE
	EndGlobalSection
	GlobalSection(ExtensibilityGlobals) = postSolution
		SolutionGuid = {D9D79B13-71EE-4803-9EDA-C2C8ABD5533C}
	EndGlobalSection
EndGlobal
